<?xml version="1.0" encoding="utf-8"?>
<Project ToolsVersion="4.0" xmlns="http://schemas.microsoft.com/developer/msbuild/2003">
  <ItemGroup>
    <Filter Include="Source Files">
      <UniqueIdentifier>{0A1730E2-EAF5-496d-A2EE-04D86096C9DB}</UniqueIdentifier>
      <Extensions>cpp;c;cc;cxx;def;odl;idl;hpj;bat;asm;asmx</Extensions>
    </Filter>
    <Filter Include="Header Files">
      <UniqueIdentifier>{E2D5A56E-FFBF-4f04-BEE1-C2E57B07F692}</UniqueIdentifier>
      <Extensions>h;hh;hpp;hxx;hm;inl;inc;xsd</Extensions>
    </Filter>
    <Filter Include="Resource Files">
      <UniqueIdentifier>{B8056672-74DD-4e8f-9077-63DF818EA87D}</UniqueIdentifier>
      <Extensions>rc;ico;cur;bmp;dlg;rc2;rct;bin;rgs;gif;jpg;jpeg;jpe;resx;tiff;tif;png;wav;mfcribbon-ms</Extensions>
    </Filter>
    <Filter Include="Header Files\Native">
      <UniqueIdentifier>{01b69644-7c84-4e7f-b2c0-4f16702886a7}</UniqueIdentifier>
    </Filter>
    <Filter Include="Header Files\BlackBone">
      <UniqueIdentifier>{7837851d-1c61-4e6c-8365-4b1a4d69f0b3}</UniqueIdentifier>
    </Filter>
    <Filter Include="Source Files\BlackBone">
      <UniqueIdentifier>{7b3b591b-75e1-4fa2-baa5-2deceb7bf247}</UniqueIdentifier>
    </Filter>
  </ItemGroup>
  <ItemGroup>
    <ClCompile Include="ssdt.cpp">
      <Filter>Source Files</Filter>
    </ClCompile>
    <ClCompile Include="io.cpp">
      <Filter>Source Files</Filter>
    </ClCompile>
    <ClCompile Include="pe.cpp">
      <Filter>Source Files</Filter>
    </ClCompile>
    <ClCompile Include="BlackBone\VadHelpers.cpp">
      <Filter>Source Files\BlackBone</Filter>
    </ClCompile>
    <ClCompile Include="BlackBone\Loader.cpp">
      <Filter>Source Files\BlackBone</Filter>
    </ClCompile>
    <ClCompile Include="inject.cpp">
      <Filter>Source Files</Filter>
    </ClCompile>
    <ClCompile Include="main.cpp">
      <Filter>Source Files</Filter>
    </ClCompile>
    <ClCompile Include="util.cpp">
      <Filter>Source Files</Filter>
    </ClCompile>
    <ClCompile Include="salsa20.cpp">
      <Filter>Source Files</Filter>
    </ClCompile>
    <ClCompile Include="vad.cpp">
      <Filter>Source Files</Filter>
    </ClCompile>
    <ClCompile Include="process.cpp">
      <Filter>Source Files</Filter>
    </ClCompile>
    <ClCompile Include="dyndata.cpp">
      <Filter>Source Files</Filter>
    </ClCompile>
    <ClCompile Include="loadcfg.cpp">
      <Filter>Source Files</Filter>
    </ClCompile>
    <ClCompile Include="crypto.cpp">
      <Filter>Source Files</Filter>
    </ClCompile>
  </ItemGroup>
  <ItemGroup>
    <ClInclude Include="injector.h">
      <Filter>Header Files</Filter>
    </ClInclude>
    <ClInclude Include="zwapi.h">
      <Filter>Header Files</Filter>
    </ClInclude>
    <ClInclude Include="Native\NativeStructs.h">
      <Filter>Header Files\Native</Filter>
    </ClInclude>
    <ClInclude Include="Native\NativeStructs7.h">
      <Filter>Header Files\Native</Filter>
    </ClInclude>
    <ClInclude Include="Native\NativeStructs10.h">
      <Filter>Header Files\Native</Filter>
    </ClInclude>
    <ClInclude Include="Native\NativeStructs81.h">
      <Filter>Header Files\Native</Filter>
    </ClInclude>
    <ClInclude Include="Native\NativeEnums.h">
      <Filter>Header Files\Native</Filter>
    </ClInclude>
    <ClInclude Include="BlackBone\Private.h">
      <Filter>Header Files\BlackBone</Filter>
    </ClInclude>
    <ClInclude Include="BlackBone\VadHelpers.h">
      <Filter>Header Files\BlackBone</Filter>
    </ClInclude>
    <ClInclude Include="BlackBone\Loader.h">
      <Filter>Header Files\BlackBone</Filter>
    </ClInclude>
    <ClInclude Include="util.h">
      <Filter>Header Files</Filter>
    </ClInclude>
    <ClInclude Include="strings.h">
      <Filter>Header Files</Filter>
    </ClInclude>
    <ClInclude Include="salsa20.h">
      <Filter>Header Files</Filter>
    </ClInclude>
    <ClInclude Include="vad.h">
      <Filter>Header Files</Filter>
    </ClInclude>
  </ItemGroup>
</Project>